
Microsoft Visual Studio Solution File, Format Version 12.00
# Visual Studio 2017
Project("{FAE04EC0-301F-11D3-BF4B-00C04F79EFBC}") = "ar-poster", "ar-poster.csproj", "{1EC2E21F-3B64-A5CC-9B3F-BA65CB420209}"
EndProject
Project("{FAE04EC0-301F-11D3-BF4B-00C04F79EFBC}") = "ar-poster.Editor", "ar-poster.Editor.csproj", "{1D09311F-6D79-8A96-F4CF-8F646C0AC265}"
EndProject
Global
	GlobalSection(SolutionConfigurationPlatforms) = preSolution
		Debug|Any CPU = Debug|Any CPU
		Release|Any CPU = Release|Any CPU
	EndGlobalSection
	GlobalSection(ProjectConfigurationPlatforms) = postSolution
		{1EC2E21F-3B64-A5CC-9B3F-BA65CB420209}.Debug|Any CPU.ActiveCfg = Debug|Any CPU
		{1EC2E21F-3B64-A5CC-9B3F-BA65CB420209}.Debug|Any CPU.Build.0 = Debug|Any CPU
		{1EC2E21F-3B64-A5CC-9B3F-BA65CB420209}.Release|Any CPU.ActiveCfg = Release|Any CPU
		{1EC2E21F-3B64-A5CC-9B3F-BA65CB420209}.Release|Any CPU.Build.0 = Release|Any CPU
		{1D09311F-6D79-8A96-F4CF-8F646C0AC265}.Debug|Any CPU.ActiveCfg = Debug|Any CPU
		{1D09311F-6D79-8A96-F4CF-8F646C0AC265}.Debug|Any CPU.Build.0 = Debug|Any CPU
		{1D09311F-6D79-8A96-F4CF-8F646C0AC265}.Release|Any CPU.ActiveCfg = Release|Any CPU
		{1D09311F-6D79-8A96-F4CF-8F646C0AC265}.Release|Any CPU.Build.0 = Release|Any CPU
	EndGlobalSection
	GlobalSection(SolutionProperties) = preSolution
		HideSolutionNode = FALSE
	EndGlobalSection
EndGlobal
